
Microsoft Visual Studio Solution File, Format Version 12.00
# Visual Studio Version 17
VisualStudioVersion = 17.5.002.0
MinimumVisualStudioVersion = 10.0.40219.1
Project("{9A19103F-16F7-4668-BE54-9A1E7A4F7556}") = "NET API and Socket", "NET API and Socket.csproj", "{86D3D1E4-C850-46F2-AAA9-A3AF69021065}"
EndProject
Global
	GlobalSection(SolutionConfigurationPlatforms) = preSolution
		Debug|Any CPU = Debug|Any CPU
		Release|Any CPU = Release|Any CPU
	EndGlobalSection
	GlobalSection(ProjectConfigurationPlatforms) = postSolution
		{86D3D1E4-C850-46F2-AAA9-A3AF69021065}.Debug|Any CPU.ActiveCfg = Debug|Any CPU
		{86D3D1E4-C850-46F2-AAA9-A3AF69021065}.Debug|Any CPU.Build.0 = Debug|Any CPU
		{86D3D1E4-C850-46F2-AAA9-A3AF69021065}.Release|Any CPU.ActiveCfg = Release|Any CPU
		{86D3D1E4-C850-46F2-AAA9-A3AF69021065}.Release|Any CPU.Build.0 = Release|Any CPU
	EndGlobalSection
	GlobalSection(SolutionProperties) = preSolution
		HideSolutionNode = FALSE
	EndGlobalSection
	GlobalSection(ExtensibilityGlobals) = postSolution
		SolutionGuid = {A3E8DF7D-EB16-4B0C-B3D6-1DAC21B914D4}
	EndGlobalSection
EndGlobal
